
Microsoft Visual Studio Solution File, Format Version 12.00
# Visual Studio Version 17
VisualStudioVersion = 17.4.33103.184
MinimumVisualStudioVersion = 10.0.40219.1
Project("{FAE04EC0-301F-11D3-BF4B-00C04F79EFBC}") = "GameHub", "HubDeJogos\GameHub.csproj", "{EB99B6B9-731F-4B53-BDE3-0F31E1165841}"
EndProject
Global
	GlobalSection(SolutionConfigurationPlatforms) = preSolution
		Debug|Any CPU = Debug|Any CPU
		Release|Any CPU = Release|Any CPU
	EndGlobalSection
	GlobalSection(ProjectConfigurationPlatforms) = postSolution
		{EB99B6B9-731F-4B53-BDE3-0F31E1165841}.Debug|Any CPU.ActiveCfg = Debug|Any CPU
		{EB99B6B9-731F-4B53-BDE3-0F31E1165841}.Debug|Any CPU.Build.0 = Debug|Any CPU
		{EB99B6B9-731F-4B53-BDE3-0F31E1165841}.Release|Any CPU.ActiveCfg = Release|Any CPU
		{EB99B6B9-731F-4B53-BDE3-0F31E1165841}.Release|Any CPU.Build.0 = Release|Any CPU
	EndGlobalSection
	GlobalSection(SolutionProperties) = preSolution
		HideSolutionNode = FALSE
	EndGlobalSection
	GlobalSection(ExtensibilityGlobals) = postSolution
		SolutionGuid = {B1196030-518F-4A17-841C-98F459EE632A}
	EndGlobalSection
EndGlobal
